
Microsoft Visual Studio Solution File, Format Version 12.00
# Visual Studio 15
VisualStudioVersion = 15.0.27428.2015
MinimumVisualStudioVersion = 10.0.40219.1
Project("{FAE04EC0-301F-11D3-BF4B-00C04F79EFBC}") = "WebApp", "WebApp\WebApp.csproj", "{74475705-00E8-4ED4-A184-739342804BF6}"
EndProject
Project("{FAE04EC0-301F-11D3-BF4B-00C04F79EFBC}") = "WebApp.DataAccess", "WebApp.DataAccess\WebApp.DataAccess.csproj", "{3A1077F7-F4D5-4FC6-8301-70F13F6E555C}"
EndProject
Project("{FAE04EC0-301F-11D3-BF4B-00C04F79EFBC}") = "WebApp.ServiceModel", "WebApp.ServiceModel\WebApp.ServiceModel.csproj", "{2F928B00-B07B-4D60-85EA-EBED909C9AFF}"
EndProject
Project("{FAE04EC0-301F-11D3-BF4B-00C04F79EFBC}") = "WebApp.Entity", "WebApp.Entity\WebApp.Entity.csproj", "{44AE98F9-B884-4D9C-84C4-4D0A4A814E09}"
EndProject
Project("{FAE04EC0-301F-11D3-BF4B-00C04F79EFBC}") = "WebApp.BusinessModel", "WebApp.BusinessModel\WebApp.BusinessModel.csproj", "{89A2FE61-1F2E-4768-9847-BA3DB570372E}"
EndProject
Global
	GlobalSection(SolutionConfigurationPlatforms) = preSolution
		Debug|Any CPU = Debug|Any CPU
		Release|Any CPU = Release|Any CPU
	EndGlobalSection
	GlobalSection(ProjectConfigurationPlatforms) = postSolution
		{74475705-00E8-4ED4-A184-739342804BF6}.Debug|Any CPU.ActiveCfg = Debug|Any CPU
		{74475705-00E8-4ED4-A184-739342804BF6}.Debug|Any CPU.Build.0 = Debug|Any CPU
		{74475705-00E8-4ED4-A184-739342804BF6}.Release|Any CPU.ActiveCfg = Release|Any CPU
		{74475705-00E8-4ED4-A184-739342804BF6}.Release|Any CPU.Build.0 = Release|Any CPU
		{3A1077F7-F4D5-4FC6-8301-70F13F6E555C}.Debug|Any CPU.ActiveCfg = Debug|Any CPU
		{3A1077F7-F4D5-4FC6-8301-70F13F6E555C}.Debug|Any CPU.Build.0 = Debug|Any CPU
		{3A1077F7-F4D5-4FC6-8301-70F13F6E555C}.Release|Any CPU.ActiveCfg = Release|Any CPU
		{3A1077F7-F4D5-4FC6-8301-70F13F6E555C}.Release|Any CPU.Build.0 = Release|Any CPU
		{2F928B00-B07B-4D60-85EA-EBED909C9AFF}.Debug|Any CPU.ActiveCfg = Debug|Any CPU
		{2F928B00-B07B-4D60-85EA-EBED909C9AFF}.Debug|Any CPU.Build.0 = Debug|Any CPU
		{2F928B00-B07B-4D60-85EA-EBED909C9AFF}.Release|Any CPU.ActiveCfg = Release|Any CPU
		{2F928B00-B07B-4D60-85EA-EBED909C9AFF}.Release|Any CPU.Build.0 = Release|Any CPU
		{44AE98F9-B884-4D9C-84C4-4D0A4A814E09}.Debug|Any CPU.ActiveCfg = Debug|Any CPU
		{44AE98F9-B884-4D9C-84C4-4D0A4A814E09}.Debug|Any CPU.Build.0 = Debug|Any CPU
		{44AE98F9-B884-4D9C-84C4-4D0A4A814E09}.Release|Any CPU.ActiveCfg = Release|Any CPU
		{44AE98F9-B884-4D9C-84C4-4D0A4A814E09}.Release|Any CPU.Build.0 = Release|Any CPU
		{89A2FE61-1F2E-4768-9847-BA3DB570372E}.Debug|Any CPU.ActiveCfg = Debug|Any CPU
		{89A2FE61-1F2E-4768-9847-BA3DB570372E}.Debug|Any CPU.Build.0 = Debug|Any CPU
		{89A2FE61-1F2E-4768-9847-BA3DB570372E}.Release|Any CPU.ActiveCfg = Release|Any CPU
		{89A2FE61-1F2E-4768-9847-BA3DB570372E}.Release|Any CPU.Build.0 = Release|Any CPU
	EndGlobalSection
	GlobalSection(SolutionProperties) = preSolution
		HideSolutionNode = FALSE
	EndGlobalSection
	GlobalSection(ExtensibilityGlobals) = postSolution
		SolutionGuid = {6CCC1EAF-347B-46D8-9471-FFB5C2572B32}
	EndGlobalSection
EndGlobal
